// !$*UTF8*$!
{
	archiveVersion = 1;
	classes = {
	};
	objectVersion = 50;
	objects = {

/* Begin PBXBuildFile section */
		18051100222D24F700C034C0 /* AppDelegate.swift in Sources */ = {isa = PBXBuildFile; fileRef = 180510FF222D24F700C034C0 /* AppDelegate.swift */; };
		18051105222D24F700C034C0 /* Main.storyboard in Resources */ = {isa = PBXBuildFile; fileRef = 18051103222D24F700C034C0 /* Main.storyboard */; };
		18051107222D24F800C034C0 /* Assets.xcassets in Resources */ = {isa = PBXBuildFile; fileRef = 18051106222D24F800C034C0 /* Assets.xcassets */; };
		1805110A222D24F800C034C0 /* LaunchScreen.storyboard in Resources */ = {isa = PBXBuildFile; fileRef = 18051108222D24F800C034C0 /* LaunchScreen.storyboard */; };
		18051115222D24F800C034C0 /* Fun_TodayTests.swift in Sources */ = {isa = PBXBuildFile; fileRef = 18051114222D24F800C034C0 /* Fun_TodayTests.swift */; };
		18051120222D24F800C034C0 /* Fun_TodayUITests.swift in Sources */ = {isa = PBXBuildFile; fileRef = 1805111F222D24F800C034C0 /* Fun_TodayUITests.swift */; };
		1805112E222D3CDC00C034C0 /* WeatherController.swift in Sources */ = {isa = PBXBuildFile; fileRef = 1805112D222D3CDC00C034C0 /* WeatherController.swift */; };
		18051131222D3D0C00C034C0 /* ForcastCell.swift in Sources */ = {isa = PBXBuildFile; fileRef = 1805112F222D3D0C00C034C0 /* ForcastCell.swift */; };
		18051132222D3D0C00C034C0 /* ForcastCell.xib in Resources */ = {isa = PBXBuildFile; fileRef = 18051130222D3D0C00C034C0 /* ForcastCell.xib */; };
		1843B76E222E2AFA00741FB4 /* RestaurantsController.swift in Sources */ = {isa = PBXBuildFile; fileRef = 1843B76D222E2AFA00741FB4 /* RestaurantsController.swift */; };
		1843B771222E2CFE00741FB4 /* RestaurantCell.swift in Sources */ = {isa = PBXBuildFile; fileRef = 1843B76F222E2CFE00741FB4 /* RestaurantCell.swift */; };
		1843B772222E2CFE00741FB4 /* RestaurantCell.xib in Resources */ = {isa = PBXBuildFile; fileRef = 1843B770222E2CFE00741FB4 /* RestaurantCell.xib */; };
		18DACB11222D578D00BC5A0C /* WeatherCurrentView.swift in Sources */ = {isa = PBXBuildFile; fileRef = 18DACB10222D578D00BC5A0C /* WeatherCurrentView.swift */; };
		18DACB13222D8A4000BC5A0C /* ImageUrl+ImageView.swift in Sources */ = {isa = PBXBuildFile; fileRef = 18DACB12222D8A4000BC5A0C /* ImageUrl+ImageView.swift */; };
		18DACB16222D8BDE00BC5A0C /* WebService.swift in Sources */ = {isa = PBXBuildFile; fileRef = 18DACB15222D8BDE00BC5A0C /* WebService.swift */; };
		25D95801EBE5E4A0D0D5D7EA /* Pods_Fun_Today.framework in Frameworks */ = {isa = PBXBuildFile; fileRef = B4999A670B59050E39BFD6DA /* Pods_Fun_Today.framework */; };
		30ECD3546A32B7CFF89EF9AB /* Pods_Fun_TodayUITests.framework in Frameworks */ = {isa = PBXBuildFile; fileRef = 3DEE15BE28FFA6E1CE3F7E5E /* Pods_Fun_TodayUITests.framework */; };
		8616CC342BA34AF39A63C902 /* Pods_Fun_TodayTests.framework in Frameworks */ = {isa = PBXBuildFile; fileRef = 639A1A33A4026388AAAB0F55 /* Pods_Fun_TodayTests.framework */; };
/* End PBXBuildFile section */

/* Begin PBXContainerItemProxy section */
		18051111222D24F800C034C0 /* PBXContainerItemProxy */ = {
			isa = PBXContainerItemProxy;
			containerPortal = 180510F4222D24F600C034C0 /* Project object */;
			proxyType = 1;
			remoteGlobalIDString = 180510FB222D24F700C034C0;
			remoteInfo = "Fun Today";
		};
		1805111C222D24F800C034C0 /* PBXContainerItemProxy */ = {
			isa = PBXContainerItemProxy;
			containerPortal = 180510F4222D24F600C034C0 /* Project object */;
			proxyType = 1;
			remoteGlobalIDString = 180510FB222D24F700C034C0;
			remoteInfo = "Fun Today";
		};
/* End PBXContainerItemProxy section */

/* Begin PBXFileReference section */
		0972FD21CE228BB8116289B9 /* Pods-Fun Today.debug.xcconfig */ = {isa = PBXFileReference; includeInIndex = 1; lastKnownFileType = text.xcconfig; name = "Pods-Fun Today.debug.xcconfig"; path = "Pods/Target Support Files/Pods-Fun Today/Pods-Fun Today.debug.xcconfig"; sourceTree = "<group>"; };
		180510FC222D24F700C034C0 /* Fun Today.app */ = {isa = PBXFileReference; explicitFileType = wrapper.application; includeInIndex = 0; path = "Fun Today.app"; sourceTree = BUILT_PRODUCTS_DIR; };
		180510FF222D24F700C034C0 /* AppDelegate.swift */ = {isa = PBXFileReference; lastKnownFileType = sourcecode.swift; path = AppDelegate.swift; sourceTree = "<group>"; };
		18051104222D24F700C034C0 /* Base */ = {isa = PBXFileReference; lastKnownFileType = file.storyboard; name = Base; path = Base.lproj/Main.storyboard; sourceTree = "<group>"; };
		18051106222D24F800C034C0 /* Assets.xcassets */ = {isa = PBXFileReference; lastKnownFileType = folder.assetcatalog; path = Assets.xcassets; sourceTree = "<group>"; };
		18051109222D24F800C034C0 /* Base */ = {isa = PBXFileReference; lastKnownFileType = file.storyboard; name = Base; path = Base.lproj/LaunchScreen.storyboard; sourceTree = "<group>"; };
		1805110B222D24F800C034C0 /* Info.plist */ = {isa = PBXFileReference; lastKnownFileType = text.plist.xml; path = Info.plist; sourceTree = "<group>"; };
		18051110222D24F800C034C0 /* Fun TodayTests.xctest */ = {isa = PBXFileReference; explicitFileType = wrapper.cfbundle; includeInIndex = 0; path = "Fun TodayTests.xctest"; sourceTree = BUILT_PRODUCTS_DIR; };
		18051114222D24F800C034C0 /* Fun_TodayTests.swift */ = {isa = PBXFileReference; lastKnownFileType = sourcecode.swift; path = Fun_TodayTests.swift; sourceTree = "<group>"; };
		18051116222D24F800C034C0 /* Info.plist */ = {isa = PBXFileReference; lastKnownFileType = text.plist.xml; path = Info.plist; sourceTree = "<group>"; };
		1805111B222D24F800C034C0 /* Fun TodayUITests.xctest */ = {isa = PBXFileReference; explicitFileType = wrapper.cfbundle; includeInIndex = 0; path = "Fun TodayUITests.xctest"; sourceTree = BUILT_PRODUCTS_DIR; };
		1805111F222D24F800C034C0 /* Fun_TodayUITests.swift */ = {isa = PBXFileReference; lastKnownFileType = sourcecode.swift; path = Fun_TodayUITests.swift; sourceTree = "<group>"; };
		18051121222D24F800C034C0 /* Info.plist */ = {isa = PBXFileReference; lastKnownFileType = text.plist.xml; path = Info.plist; sourceTree = "<group>"; };
		1805112D222D3CDC00C034C0 /* WeatherController.swift */ = {isa = PBXFileReference; lastKnownFileType = sourcecode.swift; path = WeatherController.swift; sourceTree = "<group>"; };
		1805112F222D3D0C00C034C0 /* ForcastCell.swift */ = {isa = PBXFileReference; lastKnownFileType = sourcecode.swift; path = ForcastCell.swift; sourceTree = "<group>"; };
		18051130222D3D0C00C034C0 /* ForcastCell.xib */ = {isa = PBXFileReference; lastKnownFileType = file.xib; path = ForcastCell.xib; sourceTree = "<group>"; };
		1843B76D222E2AFA00741FB4 /* RestaurantsController.swift */ = {isa = PBXFileReference; lastKnownFileType = sourcecode.swift; path = RestaurantsController.swift; sourceTree = "<group>"; };
		1843B76F222E2CFE00741FB4 /* RestaurantCell.swift */ = {isa = PBXFileReference; lastKnownFileType = sourcecode.swift; path = RestaurantCell.swift; sourceTree = "<group>"; };
		1843B770222E2CFE00741FB4 /* RestaurantCell.xib */ = {isa = PBXFileReference; lastKnownFileType = file.xib; path = RestaurantCell.xib; sourceTree = "<group>"; };
		18DACB10222D578D00BC5A0C /* WeatherCurrentView.swift */ = {isa = PBXFileReference; lastKnownFileType = sourcecode.swift; path = WeatherCurrentView.swift; sourceTree = "<group>"; };
		18DACB12222D8A4000BC5A0C /* ImageUrl+ImageView.swift */ = {isa = PBXFileReference; lastKnownFileType = sourcecode.swift; path = "ImageUrl+ImageView.swift"; sourceTree = "<group>"; };
		18DACB15222D8BDE00BC5A0C /* WebService.swift */ = {isa = PBXFileReference; lastKnownFileType = sourcecode.swift; path = WebService.swift; sourceTree = "<group>"; };
		3DEE15BE28FFA6E1CE3F7E5E /* Pods_Fun_TodayUITests.framework */ = {isa = PBXFileReference; explicitFileType = wrapper.framework; includeInIndex = 0; path = Pods_Fun_TodayUITests.framework; sourceTree = BUILT_PRODUCTS_DIR; };
		4E08F5636575B14BFDC1EC71 /* Pods-Fun TodayTests.debug.xcconfig */ = {isa = PBXFileReference; includeInIndex = 1; lastKnownFileType = text.xcconfig; name = "Pods-Fun TodayTests.debug.xcconfig"; path = "Pods/Target Support Files/Pods-Fun TodayTests/Pods-Fun TodayTests.debug.xcconfig"; sourceTree = "<group>"; };
		5D7AC20D1CF71BF56ACB5B5F /* Pods-Fun TodayUITests.debug.xcconfig */ = {isa = PBXFileReference; includeInIndex = 1; lastKnownFileType = text.xcconfig; name = "Pods-Fun TodayUITests.debug.xcconfig"; path = "Pods/Target Support Files/Pods-Fun TodayUITests/Pods-Fun TodayUITests.debug.xcconfig"; sourceTree = "<group>"; };
		639A1A33A4026388AAAB0F55 /* Pods_Fun_TodayTests.framework */ = {isa = PBXFileReference; explicitFileType = wrapper.framework; includeInIndex = 0; path = Pods_Fun_TodayTests.framework; sourceTree = BUILT_PRODUCTS_DIR; };
		6A4314B6DF472846CD0D9395 /* Pods-Fun TodayUITests.release.xcconfig */ = {isa = PBXFileReference; includeInIndex = 1; lastKnownFileType = text.xcconfig; name = "Pods-Fun TodayUITests.release.xcconfig"; path = "Pods/Target Support Files/Pods-Fun TodayUITests/Pods-Fun TodayUITests.release.xcconfig"; sourceTree = "<group>"; };
		907100F61660FC5A5EF98F1F /* Pods-Fun TodayTests.release.xcconfig */ = {isa = PBXFileReference; includeInIndex = 1; lastKnownFileType = text.xcconfig; name = "Pods-Fun TodayTests.release.xcconfig"; path = "Pods/Target Support Files/Pods-Fun TodayTests/Pods-Fun TodayTests.release.xcconfig"; sourceTree = "<group>"; };
		B4999A670B59050E39BFD6DA /* Pods_Fun_Today.framework */ = {isa = PBXFileReference; explicitFileType = wrapper.framework; includeInIndex = 0; path = Pods_Fun_Today.framework; sourceTree = BUILT_PRODUCTS_DIR; };
		FB11DE13C957A32C1F508AD7 /* Pods-Fun Today.release.xcconfig */ = {isa = PBXFileReference; includeInIndex = 1; lastKnownFileType = text.xcconfig; name = "Pods-Fun Today.release.xcconfig"; path = "Pods/Target Support Files/Pods-Fun Today/Pods-Fun Today.release.xcconfig"; sourceTree = "<group>"; };
/* End PBXFileReference section */

/* Begin PBXFrameworksBuildPhase section */
		180510F9222D24F700C034C0 /* Frameworks */ = {
			isa = PBXFrameworksBuildPhase;
			buildActionMask = 2147483647;
			files = (
				25D95801EBE5E4A0D0D5D7EA /* Pods_Fun_Today.framework in Frameworks */,
			);
			runOnlyForDeploymentPostprocessing = 0;
		};
		1805110D222D24F800C034C0 /* Frameworks */ = {
			isa = PBXFrameworksBuildPhase;
			buildActionMask = 2147483647;
			files = (
				8616CC342BA34AF39A63C902 /* Pods_Fun_TodayTests.framework in Frameworks */,
			);
			runOnlyForDeploymentPostprocessing = 0;
		};
		18051118222D24F800C034C0 /* Frameworks */ = {
			isa = PBXFrameworksBuildPhase;
			buildActionMask = 2147483647;
			files = (
				30ECD3546A32B7CFF89EF9AB /* Pods_Fun_TodayUITests.framework in Frameworks */,
			);
			runOnlyForDeploymentPostprocessing = 0;
		};
/* End PBXFrameworksBuildPhase section */

/* Begin PBXGroup section */
		180510F3222D24F600C034C0 = {
			isa = PBXGroup;
			children = (
				180510FE222D24F700C034C0 /* Fun Today */,
				18051113222D24F800C034C0 /* Fun TodayTests */,
				1805111E222D24F800C034C0 /* Fun TodayUITests */,
				180510FD222D24F700C034C0 /* Products */,
				46808FAFD74714135DD637F1 /* Pods */,
				38E211F692291424F5BF7584 /* Frameworks */,
			);
			sourceTree = "<group>";
		};
		180510FD222D24F700C034C0 /* Products */ = {
			isa = PBXGroup;
			children = (
				180510FC222D24F700C034C0 /* Fun Today.app */,
				18051110222D24F800C034C0 /* Fun TodayTests.xctest */,
				1805111B222D24F800C034C0 /* Fun TodayUITests.xctest */,
			);
			name = Products;
			sourceTree = "<group>";
		};
		180510FE222D24F700C034C0 /* Fun Today */ = {
			isa = PBXGroup;
			children = (
				180510FF222D24F700C034C0 /* AppDelegate.swift */,
				1843B774222EE7F400741FB4 /* Others */,
				18DACB14222D8BA600BC5A0C /* WeatherController */,
				1843B773222E2D0800741FB4 /* RestaurantController */,
				18051103222D24F700C034C0 /* Main.storyboard */,
				18051106222D24F800C034C0 /* Assets.xcassets */,
				18051108222D24F800C034C0 /* LaunchScreen.storyboard */,
				1805110B222D24F800C034C0 /* Info.plist */,
			);
			path = "Fun Today";
			sourceTree = "<group>";
		};
		18051113222D24F800C034C0 /* Fun TodayTests */ = {
			isa = PBXGroup;
			children = (
				18051114222D24F800C034C0 /* Fun_TodayTests.swift */,
				18051116222D24F800C034C0 /* Info.plist */,
			);
			path = "Fun TodayTests";
			sourceTree = "<group>";
		};
		1805111E222D24F800C034C0 /* Fun TodayUITests */ = {
			isa = PBXGroup;
			children = (
				1805111F222D24F800C034C0 /* Fun_TodayUITests.swift */,
				18051121222D24F800C034C0 /* Info.plist */,
			);
			path = "Fun TodayUITests";
			sourceTree = "<group>";
		};
		1843B773222E2D0800741FB4 /* RestaurantController */ = {
			isa = PBXGroup;
			children = (
				1843B76D222E2AFA00741FB4 /* RestaurantsController.swift */,
				1843B76F222E2CFE00741FB4 /* RestaurantCell.swift */,
				1843B770222E2CFE00741FB4 /* RestaurantCell.xib */,
			);
			path = RestaurantController;
			sourceTree = "<group>";
		};
		1843B774222EE7F400741FB4 /* Others */ = {
			isa = PBXGroup;
			children = (
				18DACB12222D8A4000BC5A0C /* ImageUrl+ImageView.swift */,
				18DACB15222D8BDE00BC5A0C /* WebService.swift */,
			);
			path = Others;
			sourceTree = "<group>";
		};
		18DACB14222D8BA600BC5A0C /* WeatherController */ = {
			isa = PBXGroup;
			children = (
				1805112D222D3CDC00C034C0 /* WeatherController.swift */,
				18DACB10222D578D00BC5A0C /* WeatherCurrentView.swift */,
				1805112F222D3D0C00C034C0 /* ForcastCell.swift */,
				18051130222D3D0C00C034C0 /* ForcastCell.xib */,
			);
			path = WeatherController;
			sourceTree = "<group>";
		};
		38E211F692291424F5BF7584 /* Frameworks */ = {
			isa = PBXGroup;
			children = (
				B4999A670B59050E39BFD6DA /* Pods_Fun_Today.framework */,
				639A1A33A4026388AAAB0F55 /* Pods_Fun_TodayTests.framework */,
				3DEE15BE28FFA6E1CE3F7E5E /* Pods_Fun_TodayUITests.framework */,
			);
			name = Frameworks;
			sourceTree = "<group>";
		};
		46808FAFD74714135DD637F1 /* Pods */ = {
			isa = PBXGroup;
			children = (
				0972FD21CE228BB8116289B9 /* Pods-Fun Today.debug.xcconfig */,
				FB11DE13C957A32C1F508AD7 /* Pods-Fun Today.release.xcconfig */,
				4E08F5636575B14BFDC1EC71 /* Pods-Fun TodayTests.debug.xcconfig */,
				907100F61660FC5A5EF98F1F /* Pods-Fun TodayTests.release.xcconfig */,
				5D7AC20D1CF71BF56ACB5B5F /* Pods-Fun TodayUITests.debug.xcconfig */,
				6A4314B6DF472846CD0D9395 /* Pods-Fun TodayUITests.release.xcconfig */,
			);
			name = Pods;
			sourceTree = "<group>";
		};
/* End PBXGroup section */

/* Begin PBXNativeTarget section */
		180510FB222D24F700C034C0 /* Fun Today */ = {
			isa = PBXNativeTarget;
			buildConfigurationList = 18051124222D24F800C034C0 /* Build configuration list for PBXNativeTarget "Fun Today" */;
			buildPhases = (
				5945961B1A3AEB2188B0B508 /* [CP] Check Pods Manifest.lock */,
				180510F8222D24F700C034C0 /* Sources */,
				180510F9222D24F700C034C0 /* Frameworks */,
				180510FA222D24F700C034C0 /* Resources */,
				56F1E007C57BEECCFD437C99 /* [CP] Embed Pods Frameworks */,
			);
			buildRules = (
			);
			dependencies = (
			);
			name = "Fun Today";
			productName = "Fun Today";
			productReference = 180510FC222D24F700C034C0 /* Fun Today.app */;
			productType = "com.apple.product-type.application";
		};
		1805110F222D24F800C034C0 /* Fun TodayTests */ = {
			isa = PBXNativeTarget;
			buildConfigurationList = 18051127222D24F800C034C0 /* Build configuration list for PBXNativeTarget "Fun TodayTests" */;
			buildPhases = (
				7D0BFA5CFE30A22B5F4453E4 /* [CP] Check Pods Manifest.lock */,
				1805110C222D24F800C034C0 /* Sources */,
				1805110D222D24F800C034C0 /* Frameworks */,
				1805110E222D24F800C034C0 /* Resources */,
			);
			buildRules = (
			);
			dependencies = (
				18051112222D24F800C034C0 /* PBXTargetDependency */,
			);
			name = "Fun TodayTests";
			productName = "Fun TodayTests";
			productReference = 18051110222D24F800C034C0 /* Fun TodayTests.xctest */;
			productType = "com.apple.product-type.bundle.unit-test";
		};
		1805111A222D24F800C034C0 /* Fun TodayUITests */ = {
			isa = PBXNativeTarget;
			buildConfigurationList = 1805112A222D24F800C034C0 /* Build configuration list for PBXNativeTarget "Fun TodayUITests" */;
			buildPhases = (
				6160AEEDC182E3D8750B7BAC /* [CP] Check Pods Manifest.lock */,
				18051117222D24F800C034C0 /* Sources */,
				18051118222D24F800C034C0 /* Frameworks */,
				18051119222D24F800C034C0 /* Resources */,
			);
			buildRules = (
			);
			dependencies = (
				1805111D222D24F800C034C0 /* PBXTargetDependency */,
			);
			name = "Fun TodayUITests";
			productName = "Fun TodayUITests";
			productReference = 1805111B222D24F800C034C0 /* Fun TodayUITests.xctest */;
			productType = "com.apple.product-type.bundle.ui-testing";
		};
/* End PBXNativeTarget section */

/* Begin PBXProject section */
		180510F4222D24F600C034C0 /* Project object */ = {
			isa = PBXProject;
			attributes = {
				LastSwiftUpdateCheck = 1010;
				LastUpgradeCheck = 1010;
				ORGANIZATIONNAME = AYM;
				TargetAttributes = {
					180510FB222D24F700C034C0 = {
						CreatedOnToolsVersion = 10.1;
					};
					1805110F222D24F800C034C0 = {
						CreatedOnToolsVersion = 10.1;
						TestTargetID = 180510FB222D24F700C034C0;
					};
					1805111A222D24F800C034C0 = {
						CreatedOnToolsVersion = 10.1;
						TestTargetID = 180510FB222D24F700C034C0;
					};
				};
			};
			buildConfigurationList = 180510F7222D24F600C034C0 /* Build configuration list for PBXProject "Fun Today" */;
			compatibilityVersion = "Xcode 9.3";
			developmentRegion = en;
			hasScannedForEncodings = 0;
			knownRegions = (
				en,
				Base,
			);
			mainGroup = 180510F3222D24F600C034C0;
			productRefGroup = 180510FD222D24F700C034C0 /* Products */;
			projectDirPath = "";
			projectRoot = "";
			targets = (
				180510FB222D24F700C034C0 /* Fun Today */,
				1805110F222D24F800C034C0 /* Fun TodayTests */,
				1805111A222D24F800C034C0 /* Fun TodayUITests */,
			);
		};
/* End PBXProject section */

/* Begin PBXResourcesBuildPhase section */
		180510FA222D24F700C034C0 /* Resources */ = {
			isa = PBXResourcesBuildPhase;
			buildActionMask = 2147483647;
			files = (
				1805110A222D24F800C034C0 /* LaunchScreen.storyboard in Resources */,
				18051107222D24F800C034C0 /* Assets.xcassets in Resources */,
				18051132222D3D0C00C034C0 /* ForcastCell.xib in Resources */,
				1843B772222E2CFE00741FB4 /* RestaurantCell.xib in Resources */,
				18051105222D24F700C034C0 /* Main.storyboard in Resources */,
			);
			runOnlyForDeploymentPostprocessing = 0;
		};
		1805110E222D24F800C034C0 /* Resources */ = {
			isa = PBXResourcesBuildPhase;
			buildActionMask = 2147483647;
			files = (
			);
			runOnlyForDeploymentPostprocessing = 0;
		};
		18051119222D24F800C034C0 /* Resources */ = {
			isa = PBXResourcesBuildPhase;
			buildActionMask = 2147483647;
			files = (
			);
			runOnlyForDeploymentPostprocessing = 0;
		};
/* End PBXResourcesBuildPhase section */

/* Begin PBXShellScriptBuildPhase section */
		56F1E007C57BEECCFD437C99 /* [CP] Embed Pods Frameworks */ = {
			isa = PBXShellScriptBuildPhase;
			buildActionMask = 2147483647;
			files = (
			);
			inputFileListPaths = (
			);
			inputPaths = (
				"${SRCROOT}/Pods/Target Support Files/Pods-Fun Today/Pods-Fun Today-frameworks.sh",
				"${BUILT_PRODUCTS_DIR}/Alamofire/Alamofire.framework",
				"${BUILT_PRODUCTS_DIR}/AlamofireImage/AlamofireImage.framework",
				"${BUILT_PRODUCTS_DIR}/Cosmos/Cosmos.framework",
			);
			name = "[CP] Embed Pods Frameworks";
			outputFileListPaths = (
			);
			outputPaths = (
				"${TARGET_BUILD_DIR}/${FRAMEWORKS_FOLDER_PATH}/Alamofire.framework",
				"${TARGET_BUILD_DIR}/${FRAMEWORKS_FOLDER_PATH}/AlamofireImage.framework",
				"${TARGET_BUILD_DIR}/${FRAMEWORKS_FOLDER_PATH}/Cosmos.framework",
			);
			runOnlyForDeploymentPostprocessing = 0;
			shellPath = /bin/sh;
			shellScript = "\"${SRCROOT}/Pods/Target Support Files/Pods-Fun Today/Pods-Fun Today-frameworks.sh\"\n";
			showEnvVarsInLog = 0;
		};
		5945961B1A3AEB2188B0B508 /* [CP] Check Pods Manifest.lock */ = {
			isa = PBXShellScriptBuildPhase;
			buildActionMask = 2147483647;
			files = (
			);
			inputFileListPaths = (
			);
			inputPaths = (
				"${PODS_PODFILE_DIR_PATH}/Podfile.lock",
				"${PODS_ROOT}/Manifest.lock",
			);
			name = "[CP] Check Pods Manifest.lock";
			outputFileListPaths = (
			);
			outputPaths = (
				"$(DERIVED_FILE_DIR)/Pods-Fun Today-checkManifestLockResult.txt",
			);
			runOnlyForDeploymentPostprocessing = 0;
			shellPath = /bin/sh;
			shellScript = "diff \"${PODS_PODFILE_DIR_PATH}/Podfile.lock\" \"${PODS_ROOT}/Manifest.lock\" > /dev/null\nif [ $? != 0 ] ; then\n    # print error to STDERR\n    echo \"error: The sandbox is not in sync with the Podfile.lock. Run 'pod install' or update your CocoaPods installation.\" >&2\n    exit 1\nfi\n# This output is used by Xcode 'outputs' to avoid re-running this script phase.\necho \"SUCCESS\" > \"${SCRIPT_OUTPUT_FILE_0}\"\n";
			showEnvVarsInLog = 0;
		};
		6160AEEDC182E3D8750B7BAC /* [CP] Check Pods Manifest.lock */ = {
			isa = PBXShellScriptBuildPhase;
			buildActionMask = 2147483647;
			files = (
			);
			inputFileListPaths = (
			);
			inputPaths = (
				"${PODS_PODFILE_DIR_PATH}/Podfile.lock",
				"${PODS_ROOT}/Manifest.lock",
			);
			name = "[CP] Check Pods Manifest.lock";
			outputFileListPaths = (
			);
			outputPaths = (
				"$(DERIVED_FILE_DIR)/Pods-Fun TodayUITests-checkManifestLockResult.txt",
			);
			runOnlyForDeploymentPostprocessing = 0;
			shellPath = /bin/sh;
			shellScript = "diff \"${PODS_PODFILE_DIR_PATH}/Podfile.lock\" \"${PODS_ROOT}/Manifest.lock\" > /dev/null\nif [ $? != 0 ] ; then\n    # print error to STDERR\n    echo \"error: The sandbox is not in sync with the Podfile.lock. Run 'pod install' or update your CocoaPods installation.\" >&2\n    exit 1\nfi\n# This output is used by Xcode 'outputs' to avoid re-running this script phase.\necho \"SUCCESS\" > \"${SCRIPT_OUTPUT_FILE_0}\"\n";
			showEnvVarsInLog = 0;
		};
		7D0BFA5CFE30A22B5F4453E4 /* [CP] Check Pods Manifest.lock */ = {
			isa = PBXShellScriptBuildPhase;
			buildActionMask = 2147483647;
			files = (
			);
			inputFileListPaths = (
			);
			inputPaths = (
				"${PODS_PODFILE_DIR_PATH}/Podfile.lock",
				"${PODS_ROOT}/Manifest.lock",
			);
			name = "[CP] Check Pods Manifest.lock";
			outputFileListPaths = (
			);
			outputPaths = (
				"$(DERIVED_FILE_DIR)/Pods-Fun TodayTests-checkManifestLockResult.txt",
			);
			runOnlyForDeploymentPostprocessing = 0;
			shellPath = /bin/sh;
			shellScript = "diff \"${PODS_PODFILE_DIR_PATH}/Podfile.lock\" \"${PODS_ROOT}/Manifest.lock\" > /dev/null\nif [ $? != 0 ] ; then\n    # print error to STDERR\n    echo \"error: The sandbox is not in sync with the Podfile.lock. Run 'pod install' or update your CocoaPods installation.\" >&2\n    exit 1\nfi\n# This output is used by Xcode 'outputs' to avoid re-running this script phase.\necho \"SUCCESS\" > \"${SCRIPT_OUTPUT_FILE_0}\"\n";
			showEnvVarsInLog = 0;
		};
/* End PBXShellScriptBuildPhase section */

/* Begin PBXSourcesBuildPhase section */
		180510F8222D24F700C034C0 /* Sources */ = {
			isa = PBXSourcesBuildPhase;
			buildActionMask = 2147483647;
			files = (
				1843B771222E2CFE00741FB4 /* RestaurantCell.swift in Sources */,
				18DACB16222D8BDE00BC5A0C /* WebService.swift in Sources */,
				18051131222D3D0C00C034C0 /* ForcastCell.swift in Sources */,
				1843B76E222E2AFA00741FB4 /* RestaurantsController.swift in Sources */,
				18DACB11222D578D00BC5A0C /* WeatherCurrentView.swift in Sources */,
				18DACB13222D8A4000BC5A0C /* ImageUrl+ImageView.swift in Sources */,
				1805112E222D3CDC00C034C0 /* WeatherController.swift in Sources */,
				18051100222D24F700C034C0 /* AppDelegate.swift in Sources */,
			);
			runOnlyForDeploymentPostprocessing = 0;
		};
		1805110C222D24F800C034C0 /* Sources */ = {
			isa = PBXSourcesBuildPhase;
			buildActionMask = 2147483647;
			files = (
				18051115222D24F800C034C0 /* Fun_TodayTests.swift in Sources */,
			);
			runOnlyForDeploymentPostprocessing = 0;
		};
		18051117222D24F800C034C0 /* Sources */ = {
			isa = PBXSourcesBuildPhase;
			buildActionMask = 2147483647;
			files = (
				18051120222D24F800C034C0 /* Fun_TodayUITests.swift in Sources */,
			);
			runOnlyForDeploymentPostprocessing = 0;
		};
/* End PBXSourcesBuildPhase section */

/* Begin PBXTargetDependency section */
		18051112222D24F800C034C0 /* PBXTargetDependency */ = {
			isa = PBXTargetDependency;
			target = 180510FB222D24F700C034C0 /* Fun Today */;
			targetProxy = 18051111222D24F800C034C0 /* PBXContainerItemProxy */;
		};
		1805111D222D24F800C034C0 /* PBXTargetDependency */ = {
			isa = PBXTargetDependency;
			target = 180510FB222D24F700C034C0 /* Fun Today */;
			targetProxy = 1805111C222D24F800C034C0 /* PBXContainerItemProxy */;
		};
/* End PBXTargetDependency section */

/* Begin PBXVariantGroup section */
		18051103222D24F700C034C0 /* Main.storyboard */ = {
			isa = PBXVariantGroup;
			children = (
				18051104222D24F700C034C0 /* Base */,
			);
			name = Main.storyboard;
			sourceTree = "<group>";
		};
		18051108222D24F800C034C0 /* LaunchScreen.storyboard */ = {
			isa = PBXVariantGroup;
			children = (
				18051109222D24F800C034C0 /* Base */,
			);
			name = LaunchScreen.storyboard;
			sourceTree = "<group>";
		};
/* End PBXVariantGroup section */

/* Begin XCBuildConfiguration section */
		18051122222D24F800C034C0 /* Debug */ = {
			isa = XCBuildConfiguration;
			buildSettings = {
				ALWAYS_SEARCH_USER_PATHS = NO;
				CLANG_ANALYZER_NONNULL = YES;
				CLANG_ANALYZER_NUMBER_OBJECT_CONVERSION = YES_AGGRESSIVE;
				CLANG_CXX_LANGUAGE_STANDARD = "gnu++14";
				CLANG_CXX_LIBRARY = "libc++";
				CLANG_ENABLE_MODULES = YES;
				CLANG_ENABLE_OBJC_ARC = YES;
				CLANG_ENABLE_OBJC_WEAK = YES;
				CLANG_WARN_BLOCK_CAPTURE_AUTORELEASING = YES;
				CLANG_WARN_BOOL_CONVERSION = YES;
				CLANG_WARN_COMMA = YES;
				CLANG_WARN_CONSTANT_CONVERSION = YES;
				CLANG_WARN_DEPRECATED_OBJC_IMPLEMENTATIONS = YES;
				CLANG_WARN_DIRECT_OBJC_ISA_USAGE = YES_ERROR;
				CLANG_WARN_DOCUMENTATION_COMMENTS = YES;
				CLANG_WARN_EMPTY_BODY = YES;
				CLANG_WARN_ENUM_CONVERSION = YES;
				CLANG_WARN_INFINITE_RECURSION = YES;
				CLANG_WARN_INT_CONVERSION = YES;
				CLANG_WARN_NON_LITERAL_NULL_CONVERSION = YES;
				CLANG_WARN_OBJC_IMPLICIT_RETAIN_SELF = YES;
				CLANG_WARN_OBJC_LITERAL_CONVERSION = YES;
				CLANG_WARN_OBJC_ROOT_CLASS = YES_ERROR;
				CLANG_WARN_RANGE_LOOP_ANALYSIS = YES;
				CLANG_WARN_STRICT_PROTOTYPES = YES;
				CLANG_WARN_SUSPICIOUS_MOVE = YES;
				CLANG_WARN_UNGUARDED_AVAILABILITY = YES_AGGRESSIVE;
				CLANG_WARN_UNREACHABLE_CODE = YES;
				CLANG_WARN__DUPLICATE_METHOD_MATCH = YES;
				CODE_SIGN_IDENTITY = "iPhone Developer";
				COPY_PHASE_STRIP = NO;
				DEBUG_INFORMATION_FORMAT = dwarf;
				ENABLE_STRICT_OBJC_MSGSEND = YES;
				ENABLE_TESTABILITY = YES;
				GCC_C_LANGUAGE_STANDARD = gnu11;
				GCC_DYNAMIC_NO_PIC = NO;
				GCC_NO_COMMON_BLOCKS = YES;
				GCC_OPTIMIZATION_LEVEL = 0;
				GCC_PREPROCESSOR_DEFINITIONS = (
					"DEBUG=1",
					"$(inherited)",
				);
				GCC_WARN_64_TO_32_BIT_CONVERSION = YES;
				GCC_WARN_ABOUT_RETURN_TYPE = YES_ERROR;
				GCC_WARN_UNDECLARED_SELECTOR = YES;
				GCC_WARN_UNINITIALIZED_AUTOS = YES_AGGRESSIVE;
				GCC_WARN_UNUSED_FUNCTION = YES;
				GCC_WARN_UNUSED_VARIABLE = YES;
				IPHONEOS_DEPLOYMENT_TARGET = 12.1;
				MTL_ENABLE_DEBUG_INFO = INCLUDE_SOURCE;
				MTL_FAST_MATH = YES;
				ONLY_ACTIVE_ARCH = YES;
				SDKROOT = iphoneos;
				SWIFT_ACTIVE_COMPILATION_CONDITIONS = DEBUG;
				SWIFT_OPTIMIZATION_LEVEL = "-Onone";
			};
			name = Debug;
		};
		18051123222D24F800C034C0 /* Release */ = {
			isa = XCBuildConfiguration;
			buildSettings = {
				ALWAYS_SEARCH_USER_PATHS = NO;
				CLANG_ANALYZER_NONNULL = YES;
				CLANG_ANALYZER_NUMBER_OBJECT_CONVERSION = YES_AGGRESSIVE;
				CLANG_CXX_LANGUAGE_STANDARD = "gnu++14";
				CLANG_CXX_LIBRARY = "libc++";
				CLANG_ENABLE_MODULES = YES;
				CLANG_ENABLE_OBJC_ARC = YES;
				CLANG_ENABLE_OBJC_WEAK = YES;
				CLANG_WARN_BLOCK_CAPTURE_AUTORELEASING = YES;
				CLANG_WARN_BOOL_CONVERSION = YES;
				CLANG_WARN_COMMA = YES;
				CLANG_WARN_CONSTANT_CONVERSION = YES;
				CLANG_WARN_DEPRECATED_OBJC_IMPLEMENTATIONS = YES;
				CLANG_WARN_DIRECT_OBJC_ISA_USAGE = YES_ERROR;
				CLANG_WARN_DOCUMENTATION_COMMENTS = YES;
				CLANG_WARN_EMPTY_BODY = YES;
				CLANG_WARN_ENUM_CONVERSION = YES;
				CLANG_WARN_INFINITE_RECURSION = YES;
				CLANG_WARN_INT_CONVERSION = YES;
				CLANG_WARN_NON_LITERAL_NULL_CONVERSION = YES;
				CLANG_WARN_OBJC_IMPLICIT_RETAIN_SELF = YES;
				CLANG_WARN_OBJC_LITERAL_CONVERSION = YES;
				CLANG_WARN_OBJC_ROOT_CLASS = YES_ERROR;
				CLANG_WARN_RANGE_LOOP_ANALYSIS = YES;
				CLANG_WARN_STRICT_PROTOTYPES = YES;
				CLANG_WARN_SUSPICIOUS_MOVE = YES;
				CLANG_WARN_UNGUARDED_AVAILABILITY = YES_AGGRESSIVE;
				CLANG_WARN_UNREACHABLE_CODE = YES;
				CLANG_WARN__DUPLICATE_METHOD_MATCH = YES;
				CODE_SIGN_IDENTITY = "iPhone Developer";
				COPY_PHASE_STRIP = NO;
				DEBUG_INFORMATION_FORMAT = "dwarf-with-dsym";
				ENABLE_NS_ASSERTIONS = NO;
				ENABLE_STRICT_OBJC_MSGSEND = YES;
				GCC_C_LANGUAGE_STANDARD = gnu11;
				GCC_NO_COMMON_BLOCKS = YES;
				GCC_WARN_64_TO_32_BIT_CONVERSION = YES;
				GCC_WARN_ABOUT_RETURN_TYPE = YES_ERROR;
				GCC_WARN_UNDECLARED_SELECTOR = YES;
				GCC_WARN_UNINITIALIZED_AUTOS = YES_AGGRESSIVE;
				GCC_WARN_UNUSED_FUNCTION = YES;
				GCC_WARN_UNUSED_VARIABLE = YES;
				IPHONEOS_DEPLOYMENT_TARGET = 12.1;
				MTL_ENABLE_DEBUG_INFO = NO;
				MTL_FAST_MATH = YES;
				SDKROOT = iphoneos;
				SWIFT_COMPILATION_MODE = wholemodule;
				SWIFT_OPTIMIZATION_LEVEL = "-O";
				VALIDATE_PRODUCT = YES;
			};
			name = Release;
		};
		18051125222D24F800C034C0 /* Debug */ = {
			isa = XCBuildConfiguration;
			baseConfigurationReference = 0972FD21CE228BB8116289B9 /* Pods-Fun Today.debug.xcconfig */;
			buildSettings = {
				ASSETCATALOG_COMPILER_APPICON_NAME = AppIcon;
				CODE_SIGN_STYLE = Automatic;
				DEVELOPMENT_TEAM = WVBRC8PDWF;
				INFOPLIST_FILE = "Fun Today/Info.plist";
				LD_RUNPATH_SEARCH_PATHS = (
					"$(inherited)",
					"@executable_path/Frameworks",
				);
				PRODUCT_BUNDLE_IDENTIFIER = "AYM-CC.Fun-Today";
				PRODUCT_NAME = "$(TARGET_NAME)";
				SWIFT_VERSION = 4.2;
				TARGETED_DEVICE_FAMILY = "1,2";
			};
			name = Debug;
		};
		18051126222D24F800C034C0 /* Release */ = {
			isa = XCBuildConfiguration;
			baseConfigurationReference = FB11DE13C957A32C1F508AD7 /* Pods-Fun Today.release.xcconfig */;
			buildSettings = {
				ASSETCATALOG_COMPILER_APPICON_NAME = AppIcon;
				CODE_SIGN_STYLE = Automatic;
				DEVELOPMENT_TEAM = WVBRC8PDWF;
				INFOPLIST_FILE = "Fun Today/Info.plist";
				LD_RUNPATH_SEARCH_PATHS = (
					"$(inherited)",
					"@executable_path/Frameworks",
				);
				PRODUCT_BUNDLE_IDENTIFIER = "AYM-CC.Fun-Today";
				PRODUCT_NAME = "$(TARGET_NAME)";
				SWIFT_VERSION = 4.2;
				TARGETED_DEVICE_FAMILY = "1,2";
			};
			name = Release;
		};
		18051128222D24F800C034C0 /* Debug */ = {
			isa = XCBuildConfiguration;
			baseConfigurationReference = 4E08F5636575B14BFDC1EC71 /* Pods-Fun TodayTests.debug.xcconfig */;
			buildSettings = {
				ALWAYS_EMBED_SWIFT_STANDARD_LIBRARIES = YES;
				BUNDLE_LOADER = "$(TEST_HOST)";
				CODE_SIGN_STYLE = Automatic;
				DEVELOPMENT_TEAM = KCP5XZZJKH;
				INFOPLIST_FILE = "Fun TodayTests/Info.plist";
				LD_RUNPATH_SEARCH_PATHS = (
					"$(inherited)",
					"@executable_path/Frameworks",
					"@loader_path/Frameworks",
				);
				PRODUCT_BUNDLE_IDENTIFIER = "AYM-CC.Fun-TodayTests";
				PRODUCT_NAME = "$(TARGET_NAME)";
				SWIFT_VERSION = 4.2;
				TARGETED_DEVICE_FAMILY = "1,2";
				TEST_HOST = "$(BUILT_PRODUCTS_DIR)/Fun Today.app/Fun Today";
			};
			name = Debug;
		};
		18051129222D24F800C034C0 /* Release */ = {
			isa = XCBuildConfiguration;
			baseConfigurationReference = 907100F61660FC5A5EF98F1F /* Pods-Fun TodayTests.release.xcconfig */;
			buildSettings = {
				ALWAYS_EMBED_SWIFT_STANDARD_LIBRARIES = YES;
				BUNDLE_LOADER = "$(TEST_HOST)";
				CODE_SIGN_STYLE = Automatic;
				DEVELOPMENT_TEAM = KCP5XZZJKH;
				INFOPLIST_FILE = "Fun TodayTests/Info.plist";
				LD_RUNPATH_SEARCH_PATHS = (
					"$(inherited)",
					"@executable_path/Frameworks",
					"@loader_path/Frameworks",
				);
				PRODUCT_BUNDLE_IDENTIFIER = "AYM-CC.Fun-TodayTests";
				PRODUCT_NAME = "$(TARGET_NAME)";
				SWIFT_VERSION = 4.2;
				TARGETED_DEVICE_FAMILY = "1,2";
				TEST_HOST = "$(BUILT_PRODUCTS_DIR)/Fun Today.app/Fun Today";
			};
			name = Release;
		};
		1805112B222D24F800C034C0 /* Debug */ = {
			isa = XCBuildConfiguration;
			baseConfigurationReference = 5D7AC20D1CF71BF56ACB5B5F /* Pods-Fun TodayUITests.debug.xcconfig */;
			buildSettings = {
				ALWAYS_EMBED_SWIFT_STANDARD_LIBRARIES = YES;
				CODE_SIGN_STYLE = Automatic;
				DEVELOPMENT_TEAM = KCP5XZZJKH;
				INFOPLIST_FILE = "Fun TodayUITests/Info.plist";
				LD_RUNPATH_SEARCH_PATHS = (
					"$(inherited)",
					"@executable_path/Frameworks",
					"@loader_path/Frameworks",
				);
				PRODUCT_BUNDLE_IDENTIFIER = "AYM-CC.Fun-TodayUITests";
				PRODUCT_NAME = "$(TARGET_NAME)";
				SWIFT_VERSION = 4.2;
				TARGETED_DEVICE_FAMILY = "1,2";
				TEST_TARGET_NAME = "Fun Today";
			};
			name = Debug;
		};
		1805112C222D24F800C034C0 /* Release */ = {
			isa = XCBuildConfiguration;
			baseConfigurationReference = 6A4314B6DF472846CD0D9395 /* Pods-Fun TodayUITests.release.xcconfig */;
			buildSettings = {
				ALWAYS_EMBED_SWIFT_STANDARD_LIBRARIES = YES;
				CODE_SIGN_STYLE = Automatic;
				DEVELOPMENT_TEAM = KCP5XZZJKH;
				INFOPLIST_FILE = "Fun TodayUITests/Info.plist";
				LD_RUNPATH_SEARCH_PATHS = (
					"$(inherited)",
					"@executable_path/Frameworks",
					"@loader_path/Frameworks",
				);
				PRODUCT_BUNDLE_IDENTIFIER = "AYM-CC.Fun-TodayUITests";
				PRODUCT_NAME = "$(TARGET_NAME)";
				SWIFT_VERSION = 4.2;
				TARGETED_DEVICE_FAMILY = "1,2";
				TEST_TARGET_NAME = "Fun Today";
			};
			name = Release;
		};
/* End XCBuildConfiguration section */

/* Begin XCConfigurationList section */
		180510F7222D24F600C034C0 /* Build configuration list for PBXProject "Fun Today" */ = {
			isa = XCConfigurationList;
			buildConfigurations = (
				18051122222D24F800C034C0 /* Debug */,
				18051123222D24F800C034C0 /* Release */,
			);
			defaultConfigurationIsVisible = 0;
			defaultConfigurationName = Release;
		};
		18051124222D24F800C034C0 /* Build configuration list for PBXNativeTarget "Fun Today" */ = {
			isa = XCConfigurationList;
			buildConfigurations = (
				18051125222D24F800C034C0 /* Debug */,
				18051126222D24F800C034C0 /* Release */,
			);
			defaultConfigurationIsVisible = 0;
			defaultConfigurationName = Release;
		};
		18051127222D24F800C034C0 /* Build configuration list for PBXNativeTarget "Fun TodayTests" */ = {
			isa = XCConfigurationList;
			buildConfigurations = (
				18051128222D24F800C034C0 /* Debug */,
				18051129222D24F800C034C0 /* Release */,
			);
			defaultConfigurationIsVisible = 0;
			defaultConfigurationName = Release;
		};
		1805112A222D24F800C034C0 /* Build configuration list for PBXNativeTarget "Fun TodayUITests" */ = {
			isa = XCConfigurationList;
			buildConfigurations = (
				1805112B222D24F800C034C0 /* Debug */,
				1805112C222D24F800C034C0 /* Release */,
			);
			defaultConfigurationIsVisible = 0;
			defaultConfigurationName = Release;
		};
/* End XCConfigurationList section */
	};
	rootObject = 180510F4222D24F600C034C0 /* Project object */;
}
